
Microsoft Visual Studio Solution File, Format Version 12.00
# Visual Studio Version 17
VisualStudioVersion = 17.11.35312.102
MinimumVisualStudioVersion = 10.0.40219.1
Project("{9A19103F-16F7-4668-BE54-9A1E7A4F7556}") = "CoffeeShopAPI", "WalletAPI\CoffeeShopAPI.csproj", "{AC1A8205-DDDA-4ADD-B515-BEE8CD399517}"
EndProject
Global
	GlobalSection(SolutionConfigurationPlatforms) = preSolution
		Debug|Any CPU = Debug|Any CPU
		Release|Any CPU = Release|Any CPU
	EndGlobalSection
	GlobalSection(ProjectConfigurationPlatforms) = postSolution
		{AC1A8205-DDDA-4ADD-B515-BEE8CD399517}.Debug|Any CPU.ActiveCfg = Debug|Any CPU
		{AC1A8205-DDDA-4ADD-B515-BEE8CD399517}.Debug|Any CPU.Build.0 = Debug|Any CPU
		{AC1A8205-DDDA-4ADD-B515-BEE8CD399517}.Release|Any CPU.ActiveCfg = Release|Any CPU
		{AC1A8205-DDDA-4ADD-B515-BEE8CD399517}.Release|Any CPU.Build.0 = Release|Any CPU
	EndGlobalSection
	GlobalSection(SolutionProperties) = preSolution
		HideSolutionNode = FALSE
	EndGlobalSection
	GlobalSection(ExtensibilityGlobals) = postSolution
		SolutionGuid = {DA4515E1-92DE-40ED-BDB3-233C7A51DEB6}
	EndGlobalSection
EndGlobal
